{
  "name": "@xfchenju/my-ui2",
  "version": "1.0.8",
  "lockfileVersion": 1,
  "requires": true,
  "dependencies": {
    "@xfchenju/utils": {
      "version": "1.1.2",
      "resolved": "https://registry.npmjs.org/@xfchenju/utils/-/utils-1.1.2.tgz",
      "integrity": "sha512-22Zep3beR8rVAGwtJjQA+SCPQbQzeOS0Egz0U0VZuMPZnbTxzHQcXYsEZbMQjWi6uT8iXxDzj6bIUiUpxxJ4dg=="
    }
  }
}
