{
  "name": "examples",
  "version": "1.0.0",
  "lockfileVersion": 1,
  "requires": true,
  "dependencies": {
    "@xfchenju/my-ui2": {
      "version": "1.0.1",
      "resolved": "https://registry.npmjs.org/@xfchenju/my-ui2/-/my-ui2-1.0.1.tgz",
      "integrity": "sha512-WIyLZNdfjgK7I3JbbDzdhDy/eVBy8voESPUHQLWjgiEI3dg1xo7NHauiMWmv8Nu/bHMZcbUltkWlf6Ed4bbLXQ==",
      "requires": {
        "@xfchenju/utils": "^1.0.0"
      }
    },
    "@xfchenju/utils": {
      "version": "1.0.0",
      "resolved": "https://registry.npmjs.org/@xfchenju/utils/-/utils-1.0.0.tgz",
      "integrity": "sha512-cmh94Do4zXoKP/BXX7xeZZ2YEC8UQoS0QTGxtJ9qL/p20G+K/kGzNlNPoz3w9Sho4ZkQtNrjARVnTmSSM6L3eQ=="
    }
  }
}
