{
  "name": "examples",
  "version": "1.0.0",
  "lockfileVersion": 1,
  "requires": true,
  "dependencies": {
    "@xfchenju/my-ui2": {
      "version": "1.0.2",
      "resolved": "https://registry.npmjs.org/@xfchenju/my-ui2/-/my-ui2-1.0.2.tgz",
      "integrity": "sha512-/Gx/wJokUlXvrpxVOugVUNdIKwhn9+q9U24sz596OhbZ1NdiEgoE3pBCJOCwq/fLxTGfUUZXII46EJmdkluGXA==",
      "requires": {
        "@xfchenju/utils": "^1.0.0"
      }
    },
    "@xfchenju/utils": {
      "version": "1.0.0",
      "resolved": "https://registry.npmjs.org/@xfchenju/utils/-/utils-1.0.0.tgz",
      "integrity": "sha512-cmh94Do4zXoKP/BXX7xeZZ2YEC8UQoS0QTGxtJ9qL/p20G+K/kGzNlNPoz3w9Sho4ZkQtNrjARVnTmSSM6L3eQ=="
    }
  }
}
